{
  "name": "geojson-split-crossing-lines",
  "version": "1.0.0",
  "lockfileVersion": 1,
  "requires": true,
  "dependencies": {
    "@turf/bbox": {
      "version": "6.0.1",
      "resolved": "https://registry.npmjs.org/@turf/bbox/-/bbox-6.0.1.tgz",
      "integrity": "sha512-EGgaRLettBG25Iyx7VyUINsPpVj1x3nFQFiGS3ER8KCI1MximzNLsam3eXRabqQDjyAKyAE1bJ4EZEpGvspQxw==",
      "requires": {
        "@turf/helpers": "6.x",
        "@turf/meta": "6.x"
      }
    },
    "@turf/bearing": {
      "version": "5.1.5",
      "resolved": "https://registry.npmjs.org/@turf/bearing/-/bearing-5.1.5.tgz",
      "integrity": "sha1-egt5ATbE70eX8CRjBdRcvi0ns/c=",
      "requires": {
        "@turf/helpers": "^5.1.5",
        "@turf/invariant": "^5.1.5"
      },
      "dependencies": {
        "@turf/helpers": {
          "version": "5.1.5",
          "resolved": "https://registry.npmjs.org/@turf/helpers/-/helpers-5.1.5.tgz",
          "integrity": "sha1-FTQFInq5M9AEpbuWQantmZ/L4M8="
        }
      }
    },
    "@turf/boolean-equal": {
      "version": "6.0.1",
      "resolved": "https://registry.npmjs.org/@turf/boolean-equal/-/boolean-equal-6.0.1.tgz",
      "integrity": "sha512-E39v/PgWc/e1zNqwhtH5+RxA+hDYFlZUtAqE44nUKCEYeU50AIDvNznZ0wUFN+5anRfJOAKr+UZApza+QIdC8Q==",
      "requires": {
        "@turf/clean-coords": "6.0.0",
        "@turf/helpers": "6.x",
        "@turf/invariant": "6.x",
        "geojson-equality": "0.1.6"
      },
      "dependencies": {
        "@turf/invariant": {
          "version": "6.1.2",
          "resolved": "https://registry.npmjs.org/@turf/invariant/-/invariant-6.1.2.tgz",
          "integrity": "sha512-WU08Ph8j0J2jVGlQCKChXoCtI50BB3yEH21V++V0T4cR1T27HKCxkehV2sYMwTierfMBgjwSwDIsxnR4/2mWXg==",
          "requires": {
            "@turf/helpers": "6.x"
          }
        }
      }
    },
    "@turf/clean-coords": {
      "version": "6.0.0",
      "resolved": "https://registry.npmjs.org/@turf/clean-coords/-/clean-coords-6.0.0.tgz",
      "integrity": "sha512-yBjEq3qglN5qv7zYutDlpTXnV2bmTKroaALqVM4IH/fUuMDufLXj+J8koLyCKa/GsmyyGyh3qOIRdYcurx2yMA==",
      "requires": {
        "@turf/helpers": "6.x",
        "@turf/invariant": "6.x"
      },
      "dependencies": {
        "@turf/invariant": {
          "version": "6.1.2",
          "resolved": "https://registry.npmjs.org/@turf/invariant/-/invariant-6.1.2.tgz",
          "integrity": "sha512-WU08Ph8j0J2jVGlQCKChXoCtI50BB3yEH21V++V0T4cR1T27HKCxkehV2sYMwTierfMBgjwSwDIsxnR4/2mWXg==",
          "requires": {
            "@turf/helpers": "6.x"
          }
        }
      }
    },
    "@turf/destination": {
      "version": "5.1.5",
      "resolved": "https://registry.npmjs.org/@turf/destination/-/destination-5.1.5.tgz",
      "integrity": "sha1-7TU4G9zoO73cvQei4rzivd/7zCY=",
      "requires": {
        "@turf/helpers": "^5.1.5",
        "@turf/invariant": "^5.1.5"
      },
      "dependencies": {
        "@turf/helpers": {
          "version": "5.1.5",
          "resolved": "https://registry.npmjs.org/@turf/helpers/-/helpers-5.1.5.tgz",
          "integrity": "sha1-FTQFInq5M9AEpbuWQantmZ/L4M8="
        }
      }
    },
    "@turf/distance": {
      "version": "5.1.5",
      "resolved": "https://registry.npmjs.org/@turf/distance/-/distance-5.1.5.tgz",
      "integrity": "sha1-Oc8YIEu/h1h9cH5gmmARiQkVZAk=",
      "requires": {
        "@turf/helpers": "^5.1.5",
        "@turf/invariant": "^5.1.5"
      },
      "dependencies": {
        "@turf/helpers": {
          "version": "5.1.5",
          "resolved": "https://registry.npmjs.org/@turf/helpers/-/helpers-5.1.5.tgz",
          "integrity": "sha1-FTQFInq5M9AEpbuWQantmZ/L4M8="
        }
      }
    },
    "@turf/helpers": {
      "version": "6.1.4",
      "resolved": "https://registry.npmjs.org/@turf/helpers/-/helpers-6.1.4.tgz",
      "integrity": "sha512-vJvrdOZy1ngC7r3MDA7zIGSoIgyrkWcGnNIEaqn/APmw+bVLF2gAW7HIsdTxd12s5wQMqEpqIQrmrbRRZ0xC7g=="
    },
    "@turf/invariant": {
      "version": "5.2.0",
      "resolved": "https://registry.npmjs.org/@turf/invariant/-/invariant-5.2.0.tgz",
      "integrity": "sha1-8BUP9ykLOFd7c9CIt5MsHuCqkKc=",
      "requires": {
        "@turf/helpers": "^5.1.5"
      },
      "dependencies": {
        "@turf/helpers": {
          "version": "5.1.5",
          "resolved": "https://registry.npmjs.org/@turf/helpers/-/helpers-5.1.5.tgz",
          "integrity": "sha1-FTQFInq5M9AEpbuWQantmZ/L4M8="
        }
      }
    },
    "@turf/length": {
      "version": "6.0.2",
      "resolved": "https://registry.npmjs.org/@turf/length/-/length-6.0.2.tgz",
      "integrity": "sha512-nyfXMowVtX2dICEG7u7EGC2SMaauVUWIMc9eWQrEauNA/9aw+7wbiuip4GPBoyeXEUUekF0EOjJn5aB9Zc8CzA==",
      "requires": {
        "@turf/distance": "6.x",
        "@turf/helpers": "6.x",
        "@turf/meta": "6.x"
      },
      "dependencies": {
        "@turf/distance": {
          "version": "6.0.1",
          "resolved": "https://registry.npmjs.org/@turf/distance/-/distance-6.0.1.tgz",
          "integrity": "sha512-q7t7rWIWfkg7MP1Vt4uLjSEhe5rPfCO2JjpKmk7JC+QZKEQkuvHEqy3ejW1iC7Kw5ZcZNR3qdMGGz+6HnVwqvg==",
          "requires": {
            "@turf/helpers": "6.x",
            "@turf/invariant": "6.x"
          }
        },
        "@turf/invariant": {
          "version": "6.1.2",
          "resolved": "https://registry.npmjs.org/@turf/invariant/-/invariant-6.1.2.tgz",
          "integrity": "sha512-WU08Ph8j0J2jVGlQCKChXoCtI50BB3yEH21V++V0T4cR1T27HKCxkehV2sYMwTierfMBgjwSwDIsxnR4/2mWXg==",
          "requires": {
            "@turf/helpers": "6.x"
          }
        }
      }
    },
    "@turf/line-intersect": {
      "version": "5.1.5",
      "resolved": "https://registry.npmjs.org/@turf/line-intersect/-/line-intersect-5.1.5.tgz",
      "integrity": "sha1-DikHGuQDKV5JFyO8SfXPrI0R3fM=",
      "requires": {
        "@turf/helpers": "^5.1.5",
        "@turf/invariant": "^5.1.5",
        "@turf/line-segment": "^5.1.5",
        "@turf/meta": "^5.1.5",
        "geojson-rbush": "2.1.0"
      },
      "dependencies": {
        "@turf/helpers": {
          "version": "5.1.5",
          "resolved": "https://registry.npmjs.org/@turf/helpers/-/helpers-5.1.5.tgz",
          "integrity": "sha1-FTQFInq5M9AEpbuWQantmZ/L4M8="
        },
        "@turf/meta": {
          "version": "5.2.0",
          "resolved": "https://registry.npmjs.org/@turf/meta/-/meta-5.2.0.tgz",
          "integrity": "sha1-OxrUhe4MOwsXdRMqMsOE1T5LpT0=",
          "requires": {
            "@turf/helpers": "^5.1.5"
          }
        },
        "geojson-rbush": {
          "version": "2.1.0",
          "resolved": "https://registry.npmjs.org/geojson-rbush/-/geojson-rbush-2.1.0.tgz",
          "integrity": "sha1-O9c745H8ELCuaT2bis6iquC4Oo0=",
          "requires": {
            "@turf/helpers": "*",
            "@turf/meta": "*",
            "rbush": "*"
          }
        }
      }
    },
    "@turf/line-segment": {
      "version": "5.1.5",
      "resolved": "https://registry.npmjs.org/@turf/line-segment/-/line-segment-5.1.5.tgz",
      "integrity": "sha1-Mgeq7lRqskw9jcPMY/kcdwuAE+U=",
      "requires": {
        "@turf/helpers": "^5.1.5",
        "@turf/invariant": "^5.1.5",
        "@turf/meta": "^5.1.5"
      },
      "dependencies": {
        "@turf/helpers": {
          "version": "5.1.5",
          "resolved": "https://registry.npmjs.org/@turf/helpers/-/helpers-5.1.5.tgz",
          "integrity": "sha1-FTQFInq5M9AEpbuWQantmZ/L4M8="
        },
        "@turf/meta": {
          "version": "5.2.0",
          "resolved": "https://registry.npmjs.org/@turf/meta/-/meta-5.2.0.tgz",
          "integrity": "sha1-OxrUhe4MOwsXdRMqMsOE1T5LpT0=",
          "requires": {
            "@turf/helpers": "^5.1.5"
          }
        }
      }
    },
    "@turf/line-split": {
      "version": "5.1.5",
      "resolved": "https://registry.npmjs.org/@turf/line-split/-/line-split-5.1.5.tgz",
      "integrity": "sha1-Wy30w3YZty73JbUWPPmSbVVArLc=",
      "requires": {
        "@turf/bbox": "^5.1.5",
        "@turf/helpers": "^5.1.5",
        "@turf/invariant": "^5.1.5",
        "@turf/line-intersect": "^5.1.5",
        "@turf/line-segment": "^5.1.5",
        "@turf/meta": "^5.1.5",
        "@turf/nearest-point-on-line": "^5.1.5",
        "@turf/square": "^5.1.5",
        "@turf/truncate": "^5.1.5",
        "geojson-rbush": "2.1.0"
      },
      "dependencies": {
        "@turf/bbox": {
          "version": "5.1.5",
          "resolved": "https://registry.npmjs.org/@turf/bbox/-/bbox-5.1.5.tgz",
          "integrity": "sha1-MFHfUUrUxQ9KT5uKLRX9i2hA7aM=",
          "requires": {
            "@turf/helpers": "^5.1.5",
            "@turf/meta": "^5.1.5"
          }
        },
        "@turf/helpers": {
          "version": "5.1.5",
          "resolved": "https://registry.npmjs.org/@turf/helpers/-/helpers-5.1.5.tgz",
          "integrity": "sha1-FTQFInq5M9AEpbuWQantmZ/L4M8="
        },
        "@turf/meta": {
          "version": "5.2.0",
          "resolved": "https://registry.npmjs.org/@turf/meta/-/meta-5.2.0.tgz",
          "integrity": "sha1-OxrUhe4MOwsXdRMqMsOE1T5LpT0=",
          "requires": {
            "@turf/helpers": "^5.1.5"
          }
        },
        "geojson-rbush": {
          "version": "2.1.0",
          "resolved": "https://registry.npmjs.org/geojson-rbush/-/geojson-rbush-2.1.0.tgz",
          "integrity": "sha1-O9c745H8ELCuaT2bis6iquC4Oo0=",
          "requires": {
            "@turf/helpers": "*",
            "@turf/meta": "*",
            "rbush": "*"
          }
        }
      }
    },
    "@turf/meta": {
      "version": "6.0.2",
      "resolved": "https://registry.npmjs.org/@turf/meta/-/meta-6.0.2.tgz",
      "integrity": "sha512-VA7HJkx7qF1l3+GNGkDVn2oXy4+QoLP6LktXAaZKjuT1JI0YESat7quUkbCMy4zP9lAUuvS4YMslLyTtr919FA==",
      "requires": {
        "@turf/helpers": "6.x"
      }
    },
    "@turf/nearest-point-on-line": {
      "version": "5.1.5",
      "resolved": "https://registry.npmjs.org/@turf/nearest-point-on-line/-/nearest-point-on-line-5.1.5.tgz",
      "integrity": "sha1-VgauKX8VlHUkvqUaKp71HsG/nDY=",
      "requires": {
        "@turf/bearing": "^5.1.5",
        "@turf/destination": "^5.1.5",
        "@turf/distance": "^5.1.5",
        "@turf/helpers": "^5.1.5",
        "@turf/invariant": "^5.1.5",
        "@turf/line-intersect": "^5.1.5",
        "@turf/meta": "^5.1.5"
      },
      "dependencies": {
        "@turf/helpers": {
          "version": "5.1.5",
          "resolved": "https://registry.npmjs.org/@turf/helpers/-/helpers-5.1.5.tgz",
          "integrity": "sha1-FTQFInq5M9AEpbuWQantmZ/L4M8="
        },
        "@turf/meta": {
          "version": "5.2.0",
          "resolved": "https://registry.npmjs.org/@turf/meta/-/meta-5.2.0.tgz",
          "integrity": "sha1-OxrUhe4MOwsXdRMqMsOE1T5LpT0=",
          "requires": {
            "@turf/helpers": "^5.1.5"
          }
        }
      }
    },
    "@turf/square": {
      "version": "5.1.5",
      "resolved": "https://registry.npmjs.org/@turf/square/-/square-5.1.5.tgz",
      "integrity": "sha1-qnsh5gM8ySUsOlvW89iNq9b+0YA=",
      "requires": {
        "@turf/distance": "^5.1.5",
        "@turf/helpers": "^5.1.5"
      },
      "dependencies": {
        "@turf/helpers": {
          "version": "5.1.5",
          "resolved": "https://registry.npmjs.org/@turf/helpers/-/helpers-5.1.5.tgz",
          "integrity": "sha1-FTQFInq5M9AEpbuWQantmZ/L4M8="
        }
      }
    },
    "@turf/truncate": {
      "version": "5.1.5",
      "resolved": "https://registry.npmjs.org/@turf/truncate/-/truncate-5.1.5.tgz",
      "integrity": "sha1-nu37Oxi6gfLJjT6tCUMcyhiErYk=",
      "requires": {
        "@turf/helpers": "^5.1.5",
        "@turf/meta": "^5.1.5"
      },
      "dependencies": {
        "@turf/helpers": {
          "version": "5.1.5",
          "resolved": "https://registry.npmjs.org/@turf/helpers/-/helpers-5.1.5.tgz",
          "integrity": "sha1-FTQFInq5M9AEpbuWQantmZ/L4M8="
        },
        "@turf/meta": {
          "version": "5.2.0",
          "resolved": "https://registry.npmjs.org/@turf/meta/-/meta-5.2.0.tgz",
          "integrity": "sha1-OxrUhe4MOwsXdRMqMsOE1T5LpT0=",
          "requires": {
            "@turf/helpers": "^5.1.5"
          }
        }
      }
    },
    "deep-equal": {
      "version": "1.0.1",
      "resolved": "https://registry.npmjs.org/deep-equal/-/deep-equal-1.0.1.tgz",
      "integrity": "sha1-9dJgKStmDghO/0zbyfCK0yR0SLU="
    },
    "geojson-equality": {
      "version": "0.1.6",
      "resolved": "https://registry.npmjs.org/geojson-equality/-/geojson-equality-0.1.6.tgz",
      "integrity": "sha1-oXE3TvBD5dR5eZWEC65GSOB1LXI=",
      "requires": {
        "deep-equal": "^1.0.0"
      }
    },
    "geojson-rbush": {
      "version": "3.1.1",
      "resolved": "https://registry.npmjs.org/geojson-rbush/-/geojson-rbush-3.1.1.tgz",
      "integrity": "sha512-Bl6U75yDCsERl2P6PiBkvxIoXsSv5SEEiDJy+a7JarcEe17jEm8zamAmi82KLRcIlcuRZxgeVCl1xw5UkxOREw==",
      "requires": {
        "@turf/bbox": "*",
        "@turf/helpers": "6.x",
        "@turf/meta": "6.x",
        "rbush": "*"
      }
    },
    "quickselect": {
      "version": "1.1.1",
      "resolved": "https://registry.npmjs.org/quickselect/-/quickselect-1.1.1.tgz",
      "integrity": "sha512-qN0Gqdw4c4KGPsBOQafj6yj/PA6c/L63f6CaZ/DCF/xF4Esu3jVmKLUDYxghFx8Kb/O7y9tI7x2RjTSXwdK1iQ=="
    },
    "rbush": {
      "version": "2.0.2",
      "resolved": "https://registry.npmjs.org/rbush/-/rbush-2.0.2.tgz",
      "integrity": "sha512-XBOuALcTm+O/H8G90b6pzu6nX6v2zCKiFG4BJho8a+bY6AER6t8uQUZdi5bomQc0AprCWhEGa7ncAbbRap0bRA==",
      "requires": {
        "quickselect": "^1.0.1"
      }
    }
  }
}
